# This file was autogenerated by uv via the following command:
#    uv pip compile requirements.txt -o uv.lock
accelerate==1.1.1
    # via -r requirements.txt
annotated-types==0.7.0
    # via pydantic
anyio==4.6.2.post1
    # via
    #   httpx
    #   starlette
astor==0.8.1
    # via paddlepaddle-gpu
attrdict==2.0.1
    # via paddleocr
attrs==24.2.0
    # via
    #   jsonschema
    #   referencing
babel==2.16.0
    # via flask-babel
bce-python-sdk==0.9.23
    # via visualdl
beautifulsoup4==4.12.3
    # via paddleocr
blinker==1.9.0
    # via flask
cachetools==5.5.0
    # via premailer
certifi==2024.8.30
    # via
    #   httpcore
    #   httpx
    #   requests
charset-normalizer==3.4.0
    # via requests
click==8.1.7
    # via
    #   flask
    #   uvicorn
colorama==0.4.6
    # via
    #   click
    #   pytest
    #   tqdm
coloredlogs==15.0.1
    # via onnxruntime
contourpy==1.3.1
    # via matplotlib
cssselect==1.2.0
    # via premailer
cssutils==2.11.1
    # via premailer
cycler==0.12.1
    # via matplotlib
cython==3.0.11
    # via paddleocr
decorator==5.1.1
    # via paddlepaddle-gpu
diffusers==0.31.0
    # via -r requirements.txt
diskcache==5.6.3
    # via guidance
et-xmlfile==2.0.0
    # via openpyxl
fastapi==0.115.5
    # via -r requirements.txt
filelock==3.16.1
    # via
    #   diffusers
    #   huggingface-hub
    #   torch
    #   transformers
fire==0.7.0
    # via
    #   paddleocr
    #   pdf2docx
flask==3.1.0
    # via
    #   flask-babel
    #   visualdl
flask-babel==4.0.0
    # via visualdl
flatbuffers==24.3.25
    # via onnxruntime
fonttools==4.55.0
    # via
    #   matplotlib
    #   paddleocr
    #   pdf2docx
fsspec==2024.10.0
    # via
    #   huggingface-hub
    #   torch
ftfy==6.3.1
    # via -r requirements.txt
future==1.0.0
    # via bce-python-sdk
gliner==0.2.13
    # via -r requirements.txt
guidance==0.1.16
    # via -r requirements.txt
h11==0.14.0
    # via
    #   httpcore
    #   uvicorn
httpcore==1.0.7
    # via httpx
httpx==0.27.2
    # via paddlepaddle-gpu
huggingface-hub==0.26.2
    # via
    #   -r requirements.txt
    #   accelerate
    #   diffusers
    #   gliner
    #   timm
    #   tokenizers
    #   transformers
humanfriendly==10.0
    # via coloredlogs
idna==3.10
    # via
    #   -r requirements.txt
    #   anyio
    #   httpx
    #   requests
imageio==2.36.0
    # via
    #   imgaug
    #   scikit-image
imgaug==0.4.0
    # via paddleocr
importlib-metadata==8.5.0
    # via diffusers
iniconfig==2.0.0
    # via pytest
inquirerpy==0.3.4
    # via huggingface-hub
itsdangerous==2.2.0
    # via flask
jinja2==3.1.4
    # via
    #   flask
    #   flask-babel
    #   torch
jsonschema==4.23.0
    # via -r requirements.txt
jsonschema-specifications==2024.10.1
    # via jsonschema
kiwisolver==1.4.7
    # via matplotlib
lazy-loader==0.4
    # via scikit-image
lmdb==1.5.1
    # via paddleocr
lxml==5.3.0
    # via
    #   paddleocr
    #   premailer
    #   python-docx
markupsafe==3.0.2
    # via
    #   jinja2
    #   werkzeug
matplotlib==3.9.2
    # via
    #   imgaug
    #   visualdl
more-itertools==10.5.0
    # via cssutils
mpmath==1.3.0
    # via sympy
networkx==3.4.2
    # via
    #   scikit-image
    #   torch
numpy==2.1.3
    # via
    #   -r requirements.txt
    #   accelerate
    #   contourpy
    #   diffusers
    #   guidance
    #   imageio
    #   imgaug
    #   matplotlib
    #   onnxruntime
    #   opencv-contrib-python
    #   opencv-python
    #   opencv-python-headless
    #   opt-einsum
    #   paddleocr
    #   paddlepaddle-gpu
    #   pandas
    #   pdf2docx
    #   scikit-image
    #   scipy
    #   shapely
    #   tifffile
    #   torchvision
    #   transformers
    #   visualdl
onnxruntime==1.20.0
    # via gliner
opencv-contrib-python==4.6.0.66
    # via paddleocr
opencv-python==4.6.0.66
    # via
    #   imgaug
    #   paddleocr
opencv-python-headless==4.10.0.84
    # via pdf2docx
openpyxl==3.1.5
    # via paddleocr
opt-einsum==3.3.0
    # via paddlepaddle-gpu
ordered-set==4.1.0
    # via guidance
packaging==24.2
    # via
    #   accelerate
    #   huggingface-hub
    #   lazy-loader
    #   matplotlib
    #   onnxruntime
    #   pytesseract
    #   pytest
    #   scikit-image
    #   transformers
    #   visualdl
paddleocr==2.7.3
    # via -r requirements.txt
paddlepaddle-gpu==2.6.2
    # via -r requirements.txt
pandas==2.2.3
    # via visualdl
pdf2docx==0.5.8
    # via paddleocr
pfzy==0.3.4
    # via inquirerpy
pillow==11.0.0
    # via
    #   -r requirements.txt
    #   diffusers
    #   imageio
    #   imgaug
    #   matplotlib
    #   paddleocr
    #   paddlepaddle-gpu
    #   pytesseract
    #   scikit-image
    #   torchvision
    #   visualdl
platformdirs==4.3.6
    # via guidance
pluggy==1.5.0
    # via pytest
premailer==3.10.0
    # via paddleocr
prometheus-client==0.21.0
    # via -r requirements.txt
prompt-toolkit==3.0.48
    # via inquirerpy
protobuf==3.20.2
    # via
    #   guidance
    #   onnxruntime
    #   paddlepaddle-gpu
    #   visualdl
psutil==6.1.0
    # via
    #   accelerate
    #   visualdl
pyclipper==1.3.0.post6
    # via paddleocr
pycryptodome==3.21.0
    # via bce-python-sdk
pydantic==2.9.2
    # via
    #   -r requirements.txt
    #   fastapi
    #   guidance
pydantic-core==2.23.4
    # via pydantic
pymupdf==1.24.13
    # via pdf2docx
pyparsing==3.2.0
    # via matplotlib
pyreadline3==3.5.4
    # via humanfriendly
pytesseract==0.3.13
    # via -r requirements.txt
pytest==8.3.3
    # via -r requirements.txt
python-dateutil==2.9.0.post0
    # via
    #   matplotlib
    #   pandas
python-docx==1.1.2
    # via
    #   paddleocr
    #   pdf2docx
pytz==2024.2
    # via
    #   flask-babel
    #   pandas
pyyaml==6.0.2
    # via
    #   accelerate
    #   huggingface-hub
    #   paddleocr
    #   timm
    #   transformers
rapidfuzz==3.10.1
    # via paddleocr
rarfile==4.2
    # via visualdl
referencing==0.35.1
    # via
    #   jsonschema
    #   jsonschema-specifications
regex==2024.11.6
    # via
    #   diffusers
    #   tiktoken
    #   transformers
requests==2.32.3
    # via
    #   -r requirements.txt
    #   diffusers
    #   guidance
    #   huggingface-hub
    #   premailer
    #   tiktoken
    #   transformers
    #   visualdl
rpds-py==0.21.0
    # via
    #   jsonschema
    #   referencing
safetensors==0.4.5
    # via
    #   accelerate
    #   diffusers
    #   timm
    #   transformers
scikit-image==0.24.0
    # via
    #   imgaug
    #   paddleocr
scipy==1.14.1
    # via
    #   imgaug
    #   scikit-image
sentencepiece==0.2.0
    # via
    #   -r requirements.txt
    #   gliner
shapely==2.0.6
    # via
    #   imgaug
    #   paddleocr
six==1.16.0
    # via
    #   attrdict
    #   bce-python-sdk
    #   imgaug
    #   python-dateutil
    #   visualdl
sniffio==1.3.1
    # via
    #   anyio
    #   httpx
soupsieve==2.6
    # via beautifulsoup4
starlette==0.41.2
    # via fastapi
sympy==1.13.1
    # via
    #   onnxruntime
    #   torch
termcolor==2.5.0
    # via fire
tifffile==2024.9.20
    # via scikit-image
tiktoken==0.8.0
    # via guidance
timm==1.0.11
    # via -r requirements.txt
tokenizers==0.20.3
    # via transformers
torch==2.5.1
    # via
    #   -r requirements.txt
    #   accelerate
    #   gliner
    #   timm
    #   torchaudio
    #   torchvision
torchaudio==2.5.1
    # via -r requirements.txt
torchvision==0.20.1
    # via
    #   -r requirements.txt
    #   timm
tqdm==4.67.0
    # via
    #   gliner
    #   huggingface-hub
    #   paddleocr
    #   transformers
transformers==4.46.2
    # via
    #   -r requirements.txt
    #   gliner
typing-extensions==4.12.2
    # via
    #   fastapi
    #   huggingface-hub
    #   pydantic
    #   pydantic-core
    #   python-docx
    #   torch
tzdata==2024.2
    # via pandas
urllib3==2.2.3
    # via requests
uvicorn==0.32.0
    # via -r requirements.txt
visualdl==2.5.3
    # via paddleocr
wcwidth==0.2.13
    # via
    #   ftfy
    #   prompt-toolkit
werkzeug==3.1.3
    # via flask
zipp==3.21.0
    # via importlib-metadata
